
Microsoft Visual Studio Solution File, Format Version 12.00
# Visual Studio Version 16
VisualStudioVersion = 16.0.31515.178
MinimumVisualStudioVersion = 10.0.40219.1
Project("{FAE04EC0-301F-11D3-BF4B-00C04F79EFBC}") = "wpf_20_04_22", "wpf_20_04_22\wpf_20_04_22.csproj", "{C479C6C3-5F4D-4986-AA5E-50C2015EE866}"
EndProject
Global
	GlobalSection(SolutionConfigurationPlatforms) = preSolution
		Debug|Any CPU = Debug|Any CPU
		Release|Any CPU = Release|Any CPU
	EndGlobalSection
	GlobalSection(ProjectConfigurationPlatforms) = postSolution
		{C479C6C3-5F4D-4986-AA5E-50C2015EE866}.Debug|Any CPU.ActiveCfg = Debug|Any CPU
		{C479C6C3-5F4D-4986-AA5E-50C2015EE866}.Debug|Any CPU.Build.0 = Debug|Any CPU
		{C479C6C3-5F4D-4986-AA5E-50C2015EE866}.Release|Any CPU.ActiveCfg = Release|Any CPU
		{C479C6C3-5F4D-4986-AA5E-50C2015EE866}.Release|Any CPU.Build.0 = Release|Any CPU
	EndGlobalSection
	GlobalSection(SolutionProperties) = preSolution
		HideSolutionNode = FALSE
	EndGlobalSection
	GlobalSection(ExtensibilityGlobals) = postSolution
		SolutionGuid = {7E3F9752-7267-4C09-9318-E255012CD653}
	EndGlobalSection
EndGlobal
